lockfileVersion: '9.0'

settings:
  autoInstallPeers: true
  excludeLinksFromLockfile: false

importers:

  .:
    devDependencies:
      '@clerk/testing':
        specifier: ^2.0.33
        version: 2.0.33(@playwright/test@1.60.0)
      '@playwright/test':
        specifier: ^1.50.0
        version: 1.60.0
      typescript:
        specifier: ^5.5
        version: 5.9.3

packages:

  '@clerk/backend@3.4.13':
    resolution: {integrity: sha512-3BABnKE1YZpQqJ/S8QD5FpzE7jq+mgaMrO7rLiWTI8Bfs/xk11XYSp1lMEf3BTo/rzEtaUsXaVDGvccYogKapg==}
    engines: {node: '>=20.9.0'}

  '@clerk/shared@4.13.1':
    resolution: {integrity: sha512-DyUtvNHgMmqjtTM0q285jKaAXUmCDSyItiGQTt1dNL0M6DZ3bxqsJz7wXPjh9zezmU4BAnLpwhj5gsM3OuNPzA==}
    engines: {node: '>=20.9.0'}
    peerDependencies:
      react: ^18.0.0 || ~19.0.3 || ~19.1.4 || ~19.2.3 || ~19.3.0-0
      react-dom: ^18.0.0 || ~19.0.3 || ~19.1.4 || ~19.2.3 || ~19.3.0-0
    peerDependenciesMeta:
      react:
        optional: true
      react-dom:
        optional: true

  '@clerk/testing@2.0.33':
    resolution: {integrity: sha512-a1FXKIkIqKlJbYBwuDmtZOUjUPdh1oJTYzYTKYhDZpiN/CxcHj2fTAVKWE6Oh3yVfDWQRZnOI48KD0uEZHjpxA==}
    engines: {node: '>=20.9.0'}
    peerDependencies:
      '@playwright/test': ^1
      cypress: ^13 || ^14
    peerDependenciesMeta:
      '@playwright/test':
        optional: true
      cypress:
        optional: true

  '@playwright/test@1.60.0':
    resolution: {integrity: sha512-O71yZIbAh/PxDMNGns37GHBIfrVkEVyn+AXyIa5dOTfb4/xNvRWV+Vv/NMbNCtODB/pO7vLlF2OTmMVLhmr7Ag==}
    engines: {node: '>=18'}
    hasBin: true

  '@stablelib/base64@1.0.1':
    resolution: {integrity: sha512-1bnPQqSxSuc3Ii6MhBysoWCg58j97aUjuCSZrGSmDxNqtytIi0k8utUenAwTZN4V5mXXYGsVUI9zeBqy+jBOSQ==}

  '@tanstack/query-core@5.100.14':
    resolution: {integrity: sha512-5X41dGpxgeaHISCRW2oYwcSycZeULZzAunaudXT9ov1KOTj9xwt0CH6hbwqP1/z74ZWF7rYFnDpyYH07XFcZew==}

  dequal@2.0.3:
    resolution: {integrity: sha512-0je+qPKHEMohvfRTCEo3CrPG6cAzAYgmzKyxRiYSSDkS6eGJdyVJm7WaYA5ECaAD9wLB2T4EEeymA5aFVcYXCA==}
    engines: {node: '>=6'}

  dotenv@17.2.2:
    resolution: {integrity: sha512-Sf2LSQP+bOlhKWWyhFsn0UsfdK/kCWRv1iuA2gXAwt3dyNabr6QSj00I2V10pidqz69soatm9ZwZvpQMTIOd5Q==}
    engines: {node: '>=12'}

  fast-sha256@1.3.0:
    resolution: {integrity: sha512-n11RGP/lrWEFI/bWdygLxhI+pVeo1ZYIVwvvPkW7azl/rOy+F3HYRZ2K5zeE9mmkhQppyv9sQFx0JM9UabnpPQ==}

  fsevents@2.3.2:
    resolution: {integrity: sha512-xiqMQR4xAeHTuB9uWm+fFRcIOgKBMiOBP+eXiyT7jsgVCq1bkVygt00oASowB7EdtpOHaaPgKt812P9ab+DDKA==}
    engines: {node: ^8.16.0 || ^10.6.0 || >=11.0.0}
    os: [darwin]

  glob-to-regexp@0.4.1:
    resolution: {integrity: sha512-lkX1HJXwyMcprw/5YUZc2s7DrpAiHB21/V+E1rHUrVNokkvB6bqMzT0VfV6/86ZNabt1k14YOIaT7nDvOX3Iiw==}

  js-cookie@3.0.7:
    resolution: {integrity: sha512-z/wZZgDrkNV1eA0ULjM/F9/50Ya8fbzgKneSpoPsXSGd0KnpdtHfOZWK+GcwLk+EZbS4F9RBhU+K2RgzuDaItw==}
    engines: {node: '>=20'}

  playwright-core@1.60.0:
    resolution: {integrity: sha512-9bW6zvX/m0lEbgTKJ6YppOKx8H3VOPBMOCFh2irXFOT4BbHgrx5hPjwJYLT40Lu+4qtD36qKc/Hn56StUW57IA==}
    engines: {node: '>=18'}
    hasBin: true

  playwright@1.60.0:
    resolution: {integrity: sha512-hheHdokM8cdqCb0lcE3s+zT4t4W+vvjpGxsZlDnikarzx8tSzMebh3UiFtgqwFwnTnjYQcsyMF8ei2mCO/tpeA==}
    engines: {node: '>=18'}
    hasBin: true

  standardwebhooks@1.0.0:
    resolution: {integrity: sha512-BbHGOQK9olHPMvQNHWul6MYlrRTAOKn03rOe4A8O3CLWhNf4YHBqq2HJKKC+sfqpxiBY52pNeesD6jIiLDz8jg==}

  std-env@3.10.0:
    resolution: {integrity: sha512-5GS12FdOZNliM5mAOxFRg7Ir0pWz8MdpYm6AY6VPkGpbA7ZzmbzNcBJQ0GPvvyWgcY7QAhCgf9Uy89I03faLkg==}

  tslib@2.8.1:
    resolution: {integrity: sha512-oJFu94HQb+KVduSUQL7wnpmqnfmLsOA/nAh6b6EH0wCEoK0/mPeXU6c3wKDV83MkOuHPRHtSXKKU99IBazS/2w==}

  typescript@5.9.3:
    resolution: {integrity: sha512-jl1vZzPDinLr9eUt3J/t7V6FgNEw9QjvBPdysz9KfQDD41fQrC2Y4vKQdiaUpFT4bXlb1RHhLpp8wtm6M5TgSw==}
    engines: {node: '>=14.17'}
    hasBin: true

snapshots:

  '@clerk/backend@3.4.13':
    dependencies:
      '@clerk/shared': 4.13.1
      standardwebhooks: 1.0.0
      tslib: 2.8.1
    transitivePeerDependencies:
      - react
      - react-dom

  '@clerk/shared@4.13.1':
    dependencies:
      '@tanstack/query-core': 5.100.14
      dequal: 2.0.3
      glob-to-regexp: 0.4.1
      js-cookie: 3.0.7
      std-env: 3.10.0

  '@clerk/testing@2.0.33(@playwright/test@1.60.0)':
    dependencies:
      '@clerk/backend': 3.4.13
      '@clerk/shared': 4.13.1
      dotenv: 17.2.2
    optionalDependencies:
      '@playwright/test': 1.60.0
    transitivePeerDependencies:
      - react
      - react-dom

  '@playwright/test@1.60.0':
    dependencies:
      playwright: 1.60.0

  '@stablelib/base64@1.0.1': {}

  '@tanstack/query-core@5.100.14': {}

  dequal@2.0.3: {}

  dotenv@17.2.2: {}

  fast-sha256@1.3.0: {}

  fsevents@2.3.2:
    optional: true

  glob-to-regexp@0.4.1: {}

  js-cookie@3.0.7: {}

  playwright-core@1.60.0: {}

  playwright@1.60.0:
    dependencies:
      playwright-core: 1.60.0
    optionalDependencies:
      fsevents: 2.3.2

  standardwebhooks@1.0.0:
    dependencies:
      '@stablelib/base64': 1.0.1
      fast-sha256: 1.3.0

  std-env@3.10.0: {}

  tslib@2.8.1: {}

  typescript@5.9.3: {}
